<Solution>
  <Project Path="DeploymentManager/DeploymentManager.csproj" />
  <Folder Name="/Tests/">
    <Project Path="Tests/DeploymentManager.UnitTests/DeploymentManager.UnitTests.csproj" />
    <Project Path="Tests/DeploymentManager.PersistenceTests/DeploymentManager.PersistenceTests.csproj" />
    <Project Path="Tests/DeploymentManager.IntegrationTests/DeploymentManager.IntegrationTests.csproj" />
  </Folder>
</Solution>
